
Microsoft Visual Studio Solution File, Format Version 12.00
# Visual Studio Version 17
VisualStudioVersion = 17.8.34601.278
MinimumVisualStudioVersion = 10.0.40219.1
Project("{FAE04EC0-301F-11D3-BF4B-00C04F79EFBC}") = "InMemoryVectorStore", "InMemoryVectorStore.csproj", "{9CEB35E2-936A-46E5-B684-C5E519E0DD75}"
EndProject
Project("{FAE04EC0-301F-11D3-BF4B-00C04F79EFBC}") = "InMemoryVectorStore.Tests", "InMemoryVectorStore.Tests\InMemoryVectorStore.Tests.csproj", "{59824157-6787-43EA-BBAA-189804884500}"
EndProject
Global
	GlobalSection(SolutionConfigurationPlatforms) = preSolution
		Debug|Any CPU = Debug|Any CPU
		Release|Any CPU = Release|Any CPU
	EndGlobalSection
GlobalSection(ProjectConfigurationPlatforms) = postSolution
{9CEB35E2-936A-46E5-B684-C5E519E0DD75}.Debug|Any CPU.ActiveCfg = Debug|Any CPU
{9CEB35E2-936A-46E5-B684-C5E519E0DD75}.Debug|Any CPU.Build.0 = Debug|Any CPU
{9CEB35E2-936A-46E5-B684-C5E519E0DD75}.Release|Any CPU.ActiveCfg = Release|Any CPU
{9CEB35E2-936A-46E5-B684-C5E519E0DD75}.Release|Any CPU.Build.0 = Release|Any CPU
{59824157-6787-43EA-BBAA-189804884500}.Debug|Any CPU.ActiveCfg = Debug|Any CPU
{59824157-6787-43EA-BBAA-189804884500}.Debug|Any CPU.Build.0 = Debug|Any CPU
{59824157-6787-43EA-BBAA-189804884500}.Release|Any CPU.ActiveCfg = Release|Any CPU
{59824157-6787-43EA-BBAA-189804884500}.Release|Any CPU.Build.0 = Release|Any CPU
EndGlobalSection
	GlobalSection(SolutionProperties) = preSolution
		HideSolutionNode = FALSE
	EndGlobalSection
	GlobalSection(ExtensibilityGlobals) = postSolution
		SolutionGuid = {56EE66C4-B610-46A6-A487-294CDC3D795C}
	EndGlobalSection
EndGlobal
